
Microsoft Visual Studio Solution File, Format Version 12.00
# Visual Studio Version 16
VisualStudioVersion = 16.0.31019.35
MinimumVisualStudioVersion = 10.0.40219.1
Project("{FAE04EC0-301F-11D3-BF4B-00C04F79EFBC}") = "Coordinare", "Coordinare\Coordinare.csproj", "{5BC3CDB5-E90E-4DCC-91BA-8C3DEF455C13}"
EndProject
Global
	GlobalSection(SolutionConfigurationPlatforms) = preSolution
		Debug|Any CPU = Debug|Any CPU
		Release|Any CPU = Release|Any CPU
	EndGlobalSection
	GlobalSection(ProjectConfigurationPlatforms) = postSolution
		{5BC3CDB5-E90E-4DCC-91BA-8C3DEF455C13}.Debug|Any CPU.ActiveCfg = Debug|Any CPU
		{5BC3CDB5-E90E-4DCC-91BA-8C3DEF455C13}.Debug|Any CPU.Build.0 = Debug|Any CPU
		{5BC3CDB5-E90E-4DCC-91BA-8C3DEF455C13}.Release|Any CPU.ActiveCfg = Release|Any CPU
		{5BC3CDB5-E90E-4DCC-91BA-8C3DEF455C13}.Release|Any CPU.Build.0 = Release|Any CPU
	EndGlobalSection
	GlobalSection(SolutionProperties) = preSolution
		HideSolutionNode = FALSE
	EndGlobalSection
	GlobalSection(ExtensibilityGlobals) = postSolution
		SolutionGuid = {E8115213-65B4-4DD6-89CA-C82AF0A06421}
	EndGlobalSection
EndGlobal
